Microsoft Visual Studio Solution File, Format Version 11.00
# Visual Studio 2008

Project("{6FA8CC67-CDDA-223C-66E6-A1C569B6AD9F}") = "MonoPolio", "Assembly-CSharp.csproj", "{AA478641-41DA-609D-78F9-143532743296}"
EndProject
Global
	GlobalSection(SolutionConfigurationPlatforms) = preSolution
		Debug|Any CPU = Debug|Any CPU
		Release|Any CPU = Release|Any CPU
	EndGlobalSection
	GlobalSection(ProjectConfigurationPlatforms) = postSolution
		{AA478641-41DA-609D-78F9-143532743296}.Debug|Any CPU.ActiveCfg = Debug|Any CPU
		{AA478641-41DA-609D-78F9-143532743296}.Debug|Any CPU.Build.0 = Debug|Any CPU
		{AA478641-41DA-609D-78F9-143532743296}.Release|Any CPU.ActiveCfg = Release|Any CPU
		{AA478641-41DA-609D-78F9-143532743296}.Release|Any CPU.Build.0 = Release|Any CPU
	EndGlobalSection
	GlobalSection(SolutionProperties) = preSolution
		HideSolutionNode = FALSE
	EndGlobalSection
	GlobalSection(MonoDevelopProperties) = preSolution
		StartupItem = Assembly-CSharp.csproj
	EndGlobalSection
EndGlobal
