Microsoft Visual Studio Solution File, Format Version 11.00
# Visual Studio 2008

Project("{7AAECCA2-1FC1-9DC6-02F5-C21B067872A8}") = "Monopolio", "Assembly-CSharp.csproj", "{1BD16BDA-22CA-34BE-2523-9EF177897533}"
EndProject
Global
	GlobalSection(SolutionConfigurationPlatforms) = preSolution
		Debug|Any CPU = Debug|Any CPU
		Release|Any CPU = Release|Any CPU
	EndGlobalSection
	GlobalSection(ProjectConfigurationPlatforms) = postSolution
		{1BD16BDA-22CA-34BE-2523-9EF177897533}.Debug|Any CPU.ActiveCfg = Debug|Any CPU
		{1BD16BDA-22CA-34BE-2523-9EF177897533}.Debug|Any CPU.Build.0 = Debug|Any CPU
		{1BD16BDA-22CA-34BE-2523-9EF177897533}.Release|Any CPU.ActiveCfg = Release|Any CPU
		{1BD16BDA-22CA-34BE-2523-9EF177897533}.Release|Any CPU.Build.0 = Release|Any CPU
	EndGlobalSection
	GlobalSection(SolutionProperties) = preSolution
		HideSolutionNode = FALSE
	EndGlobalSection
				GlobalSection(MonoDevelopProperties) = preSolution
		StartupItem = Assembly-CSharp.csproj
	EndGlobalSection

EndGlobal
